github.com/ThomasDias417/gopher v0.0.0-20231226002536-8266a5bbb621 h1:OzYjsh/tMV9xp+7rV0Jm2YGaFFfBJOo1DnndnkdpfeQ=
github.com/ThomasDias417/gopher v0.0.0-20231226002536-8266a5bbb621/go.mod h1:iMTMPVHUHKnzv0U7HFSy5iiIKeq0AMN00trnmmIgI3I=
github.com/ThomasDias417/mamifer v0.0.0-20231226001314-d862bf22517e h1:7PYyO0Nkwh5O0UeXbD3jdl/HvelIVZf3AgTerP/MXj0=
github.com/ThomasDias417/mamifer v0.0.0-20231226001314-d862bf22517e/go.mod h1:eFhLhhx0PJTvasO7mg1nM4Bc+uJJC9esR7SjctqOyx8=
